// !$*UTF8*$!
{
	archiveVersion = 1;
	classes = {
	};
	objectVersion = 56;
	objects = {

/* Begin PBXBuildFile section */
		963B384F2BEF629C00F1C869 /* Simple_CalcApp.swift in Sources */ = {isa = PBXBuildFile; fileRef = 963B384E2BEF629C00F1C869 /* Simple_CalcApp.swift */; };
		963B38512BEF629C00F1C869 /* ContentView.swift in Sources */ = {isa = PBXBuildFile; fileRef = 963B38502BEF629C00F1C869 /* ContentView.swift */; };
		963B38532BEF629E00F1C869 /* Assets.xcassets in Resources */ = {isa = PBXBuildFile; fileRef = 963B38522BEF629E00F1C869 /* Assets.xcassets */; };
		963B38562BEF629E00F1C869 /* Preview Assets.xcassets in Resources */ = {isa = PBXBuildFile; fileRef = 963B38552BEF629E00F1C869 /* Preview Assets.xcassets */; };
		963B38602BEF629E00F1C869 /* Simple_CalcTests.swift in Sources */ = {isa = PBXBuildFile; fileRef = 963B385F2BEF629E00F1C869 /* Simple_CalcTests.swift */; };
		963B386A2BEF629E00F1C869 /* Simple_CalcUITests.swift in Sources */ = {isa = PBXBuildFile; fileRef = 963B38692BEF629E00F1C869 /* Simple_CalcUITests.swift */; };
		963B386C2BEF629E00F1C869 /* Simple_CalcUITestsLaunchTests.swift in Sources */ = {isa = PBXBuildFile; fileRef = 963B386B2BEF629E00F1C869 /* Simple_CalcUITestsLaunchTests.swift */; };
		966DECCA2BF082260075BEA5 /* File.swift in Sources */ = {isa = PBXBuildFile; fileRef = 966DECC92BF082260075BEA5 /* File.swift */; };
/* End PBXBuildFile section */

/* Begin PBXContainerItemProxy section */
		963B385C2BEF629E00F1C869 /* PBXContainerItemProxy */ = {
			isa = PBXContainerItemProxy;
			containerPortal = 963B38432BEF629C00F1C869 /* Project object */;
			proxyType = 1;
			remoteGlobalIDString = 963B384A2BEF629C00F1C869;
			remoteInfo = "Simple Calc";
		};
		963B38662BEF629E00F1C869 /* PBXContainerItemProxy */ = {
			isa = PBXContainerItemProxy;
			containerPortal = 963B38432BEF629C00F1C869 /* Project object */;
			proxyType = 1;
			remoteGlobalIDString = 963B384A2BEF629C00F1C869;
			remoteInfo = "Simple Calc";
		};
/* End PBXContainerItemProxy section */

/* Begin PBXFileReference section */
		963B384B2BEF629C00F1C869 /* Simple Calc.app */ = {isa = PBXFileReference; explicitFileType = wrapper.application; includeInIndex = 0; path = "Simple Calc.app"; sourceTree = BUILT_PRODUCTS_DIR; };
		963B384E2BEF629C00F1C869 /* Simple_CalcApp.swift */ = {isa = PBXFileReference; lastKnownFileType = sourcecode.swift; path = Simple_CalcApp.swift; sourceTree = "<group>"; };
		963B38502BEF629C00F1C869 /* ContentView.swift */ = {isa = PBXFileReference; lastKnownFileType = sourcecode.swift; path = ContentView.swift; sourceTree = "<group>"; };
		963B38522BEF629E00F1C869 /* Assets.xcassets */ = {isa = PBXFileReference; lastKnownFileType = folder.assetcatalog; path = Assets.xcassets; sourceTree = "<group>"; };
		963B38552BEF629E00F1C869 /* Preview Assets.xcassets */ = {isa = PBXFileReference; lastKnownFileType = folder.assetcatalog; path = "Preview Assets.xcassets"; sourceTree = "<group>"; };
		963B385B2BEF629E00F1C869 /* Simple CalcTests.xctest */ = {isa = PBXFileReference; explicitFileType = wrapper.cfbundle; includeInIndex = 0; path = "Simple CalcTests.xctest"; sourceTree = BUILT_PRODUCTS_DIR; };
		963B385F2BEF629E00F1C869 /* Simple_CalcTests.swift */ = {isa = PBXFileReference; lastKnownFileType = sourcecode.swift; path = Simple_CalcTests.swift; sourceTree = "<group>"; };
		963B38652BEF629E00F1C869 /* Simple CalcUITests.xctest */ = {isa = PBXFileReference; explicitFileType = wrapper.cfbundle; includeInIndex = 0; path = "Simple CalcUITests.xctest"; sourceTree = BUILT_PRODUCTS_DIR; };
		963B38692BEF629E00F1C869 /* Simple_CalcUITests.swift */ = {isa = PBXFileReference; lastKnownFileType = sourcecode.swift; path = Simple_CalcUITests.swift; sourceTree = "<group>"; };
		963B386B2BEF629E00F1C869 /* Simple_CalcUITestsLaunchTests.swift */ = {isa = PBXFileReference; lastKnownFileType = sourcecode.swift; path = Simple_CalcUITestsLaunchTests.swift; sourceTree = "<group>"; };
		966DECC92BF082260075BEA5 /* File.swift */ = {isa = PBXFileReference; lastKnownFileType = sourcecode.swift; path = File.swift; sourceTree = "<group>"; };
/* End PBXFileReference section */

/* Begin PBXFrameworksBuildPhase section */
		963B38482BEF629C00F1C869 /* Frameworks */ = {
			isa = PBXFrameworksBuildPhase;
			buildActionMask = 2147483647;
			files = (
			);
			runOnlyForDeploymentPostprocessing = 0;
		};
		963B38582BEF629E00F1C869 /* Frameworks */ = {
			isa = PBXFrameworksBuildPhase;
			buildActionMask = 2147483647;
			files = (
			);
			runOnlyForDeploymentPostprocessing = 0;
		};
		963B38622BEF629E00F1C869 /* Frameworks */ = {
			isa = PBXFrameworksBuildPhase;
			buildActionMask = 2147483647;
			files = (
			);
			runOnlyForDeploymentPostprocessing = 0;
		};
/* End PBXFrameworksBuildPhase section */

/* Begin PBXGroup section */
		963B38422BEF629C00F1C869 = {
			isa = PBXGroup;
			children = (
				963B384D2BEF629C00F1C869 /* Simple Calc */,
				963B385E2BEF629E00F1C869 /* Simple CalcTests */,
				963B38682BEF629E00F1C869 /* Simple CalcUITests */,
				963B384C2BEF629C00F1C869 /* Products */,
			);
			sourceTree = "<group>";
		};
		963B384C2BEF629C00F1C869 /* Products */ = {
			isa = PBXGroup;
			children = (
				963B384B2BEF629C00F1C869 /* Simple Calc.app */,
				963B385B2BEF629E00F1C869 /* Simple CalcTests.xctest */,
				963B38652BEF629E00F1C869 /* Simple CalcUITests.xctest */,
			);
			name = Products;
			sourceTree = "<group>";
		};
		963B384D2BEF629C00F1C869 /* Simple Calc */ = {
			isa = PBXGroup;
			children = (
				966DECC82BF082170075BEA5 /* operations */,
				963B384E2BEF629C00F1C869 /* Simple_CalcApp.swift */,
				963B38502BEF629C00F1C869 /* ContentView.swift */,
				963B38522BEF629E00F1C869 /* Assets.xcassets */,
				963B38542BEF629E00F1C869 /* Preview Content */,
			);
			path = "Simple Calc";
			sourceTree = "<group>";
		};
		963B38542BEF629E00F1C869 /* Preview Content */ = {
			isa = PBXGroup;
			children = (
				963B38552BEF629E00F1C869 /* Preview Assets.xcassets */,
			);
			path = "Preview Content";
			sourceTree = "<group>";
		};
		963B385E2BEF629E00F1C869 /* Simple CalcTests */ = {
			isa = PBXGroup;
			children = (
				963B385F2BEF629E00F1C869 /* Simple_CalcTests.swift */,
			);
			path = "Simple CalcTests";
			sourceTree = "<group>";
		};
		963B38682BEF629E00F1C869 /* Simple CalcUITests */ = {
			isa = PBXGroup;
			children = (
				963B38692BEF629E00F1C869 /* Simple_CalcUITests.swift */,
				963B386B2BEF629E00F1C869 /* Simple_CalcUITestsLaunchTests.swift */,
			);
			path = "Simple CalcUITests";
			sourceTree = "<group>";
		};
		966DECC82BF082170075BEA5 /* operations */ = {
			isa = PBXGroup;
			children = (
				966DECC92BF082260075BEA5 /* File.swift */,
			);
			path = operations;
			sourceTree = "<group>";
		};
/* End PBXGroup section */

/* Begin PBXNativeTarget section */
		963B384A2BEF629C00F1C869 /* Simple Calc */ = {
			isa = PBXNativeTarget;
			buildConfigurationList = 963B386F2BEF629E00F1C869 /* Build configuration list for PBXNativeTarget "Simple Calc" */;
			buildPhases = (
				963B38472BEF629C00F1C869 /* Sources */,
				963B38482BEF629C00F1C869 /* Frameworks */,
				963B38492BEF629C00F1C869 /* Resources */,
			);
			buildRules = (
			);
			dependencies = (
			);
			name = "Simple Calc";
			productName = "Simple Calc";
			productReference = 963B384B2BEF629C00F1C869 /* Simple Calc.app */;
			productType = "com.apple.product-type.application";
		};
		963B385A2BEF629E00F1C869 /* Simple CalcTests */ = {
			isa = PBXNativeTarget;
			buildConfigurationList = 963B38722BEF629E00F1C869 /* Build configuration list for PBXNativeTarget "Simple CalcTests" */;
			buildPhases = (
				963B38572BEF629E00F1C869 /* Sources */,
				963B38582BEF629E00F1C869 /* Frameworks */,
				963B38592BEF629E00F1C869 /* Resources */,
			);
			buildRules = (
			);
			dependencies = (
				963B385D2BEF629E00F1C869 /* PBXTargetDependency */,
			);
			name = "Simple CalcTests";
			productName = "Simple CalcTests";
			productReference = 963B385B2BEF629E00F1C869 /* Simple CalcTests.xctest */;
			productType = "com.apple.product-type.bundle.unit-test";
		};
		963B38642BEF629E00F1C869 /* Simple CalcUITests */ = {
			isa = PBXNativeTarget;
			buildConfigurationList = 963B38752BEF629E00F1C869 /* Build configuration list for PBXNativeTarget "Simple CalcUITests" */;
			buildPhases = (
				963B38612BEF629E00F1C869 /* Sources */,
				963B38622BEF629E00F1C869 /* Frameworks */,
				963B38632BEF629E00F1C869 /* Resources */,
			);
			buildRules = (
			);
			dependencies = (
				963B38672BEF629E00F1C869 /* PBXTargetDependency */,
			);
			name = "Simple CalcUITests";
			productName = "Simple CalcUITests";
			productReference = 963B38652BEF629E00F1C869 /* Simple CalcUITests.xctest */;
			productType = "com.apple.product-type.bundle.ui-testing";
		};
/* End PBXNativeTarget section */

/* Begin PBXProject section */
		963B38432BEF629C00F1C869 /* Project object */ = {
			isa = PBXProject;
			attributes = {
				BuildIndependentTargetsInParallel = 1;
				LastSwiftUpdateCheck = 1530;
				LastUpgradeCheck = 1530;
				TargetAttributes = {
					963B384A2BEF629C00F1C869 = {
						CreatedOnToolsVersion = 15.3;
					};
					963B385A2BEF629E00F1C869 = {
						CreatedOnToolsVersion = 15.3;
						TestTargetID = 963B384A2BEF629C00F1C869;
					};
					963B38642BEF629E00F1C869 = {
						CreatedOnToolsVersion = 15.3;
						TestTargetID = 963B384A2BEF629C00F1C869;
					};
				};
			};
			buildConfigurationList = 963B38462BEF629C00F1C869 /* Build configuration list for PBXProject "Simple Calc" */;
			compatibilityVersion = "Xcode 14.0";
			developmentRegion = en;
			hasScannedForEncodings = 0;
			knownRegions = (
				en,
				Base,
			);
			mainGroup = 963B38422BEF629C00F1C869;
			productRefGroup = 963B384C2BEF629C00F1C869 /* Products */;
			projectDirPath = "";
			projectRoot = "";
			targets = (
				963B384A2BEF629C00F1C869 /* Simple Calc */,
				963B385A2BEF629E00F1C869 /* Simple CalcTests */,
				963B38642BEF629E00F1C869 /* Simple CalcUITests */,
			);
		};
/* End PBXProject section */

/* Begin PBXResourcesBuildPhase section */
		963B38492BEF629C00F1C869 /* Resources */ = {
			isa = PBXResourcesBuildPhase;
			buildActionMask = 2147483647;
			files = (
				963B38562BEF629E00F1C869 /* Preview Assets.xcassets in Resources */,
				963B38532BEF629E00F1C869 /* Assets.xcassets in Resources */,
			);
			runOnlyForDeploymentPostprocessing = 0;
		};
		963B38592BEF629E00F1C869 /* Resources */ = {
			isa = PBXResourcesBuildPhase;
			buildActionMask = 2147483647;
			files = (
			);
			runOnlyForDeploymentPostprocessing = 0;
		};
		963B38632BEF629E00F1C869 /* Resources */ = {
			isa = PBXResourcesBuildPhase;
			buildActionMask = 2147483647;
			files = (
			);
			runOnlyForDeploymentPostprocessing = 0;
		};
/* End PBXResourcesBuildPhase section */

/* Begin PBXSourcesBuildPhase section */
		963B38472BEF629C00F1C869 /* Sources */ = {
			isa = PBXSourcesBuildPhase;
			buildActionMask = 2147483647;
			files = (
				963B38512BEF629C00F1C869 /* ContentView.swift in Sources */,
				966DECCA2BF082260075BEA5 /* File.swift in Sources */,
				963B384F2BEF629C00F1C869 /* Simple_CalcApp.swift in Sources */,
			);
			runOnlyForDeploymentPostprocessing = 0;
		};
		963B38572BEF629E00F1C869 /* Sources */ = {
			isa = PBXSourcesBuildPhase;
			buildActionMask = 2147483647;
			files = (
				963B38602BEF629E00F1C869 /* Simple_CalcTests.swift in Sources */,
			);
			runOnlyForDeploymentPostprocessing = 0;
		};
		963B38612BEF629E00F1C869 /* Sources */ = {
			isa = PBXSourcesBuildPhase;
			buildActionMask = 2147483647;
			files = (
				963B386A2BEF629E00F1C869 /* Simple_CalcUITests.swift in Sources */,
				963B386C2BEF629E00F1C869 /* Simple_CalcUITestsLaunchTests.swift in Sources */,
			);
			runOnlyForDeploymentPostprocessing = 0;
		};
/* End PBXSourcesBuildPhase section */

/* Begin PBXTargetDependency section */
		963B385D2BEF629E00F1C869 /* PBXTargetDependency */ = {
			isa = PBXTargetDependency;
			target = 963B384A2BEF629C00F1C869 /* Simple Calc */;
			targetProxy = 963B385C2BEF629E00F1C869 /* PBXContainerItemProxy */;
		};
		963B38672BEF629E00F1C869 /* PBXTargetDependency */ = {
			isa = PBXTargetDependency;
			target = 963B384A2BEF629C00F1C869 /* Simple Calc */;
			targetProxy = 963B38662BEF629E00F1C869 /* PBXContainerItemProxy */;
		};
/* End PBXTargetDependency section */

/* Begin XCBuildConfiguration section */
		963B386D2BEF629E00F1C869 /* Debug */ = {
			isa = XCBuildConfiguration;
			buildSettings = {
				ALWAYS_SEARCH_USER_PATHS = NO;
				ASSETCATALOG_COMPILER_GENERATE_SWIFT_ASSET_SYMBOL_EXTENSIONS = YES;
				CLANG_ANALYZER_NONNULL = YES;
				CLANG_ANALYZER_NUMBER_OBJECT_CONVERSION = YES_AGGRESSIVE;
				CLANG_CXX_LANGUAGE_STANDARD = "gnu++20";
				CLANG_ENABLE_MODULES = YES;
				CLANG_ENABLE_OBJC_ARC = YES;
				CLANG_ENABLE_OBJC_WEAK = YES;
				CLANG_WARN_BLOCK_CAPTURE_AUTORELEASING = YES;
				CLANG_WARN_BOOL_CONVERSION = YES;
				CLANG_WARN_COMMA = YES;
				CLANG_WARN_CONSTANT_CONVERSION = YES;
				CLANG_WARN_DEPRECATED_OBJC_IMPLEMENTATIONS = YES;
				CLANG_WARN_DIRECT_OBJC_ISA_USAGE = YES_ERROR;
				CLANG_WARN_DOCUMENTATION_COMMENTS = YES;
				CLANG_WARN_EMPTY_BODY = YES;
				CLANG_WARN_ENUM_CONVERSION = YES;
				CLANG_WARN_INFINITE_RECURSION = YES;
				CLANG_WARN_INT_CONVERSION = YES;
				CLANG_WARN_NON_LITERAL_NULL_CONVERSION = YES;
				CLANG_WARN_OBJC_IMPLICIT_RETAIN_SELF = YES;
				CLANG_WARN_OBJC_LITERAL_CONVERSION = YES;
				CLANG_WARN_OBJC_ROOT_CLASS = YES_ERROR;
				CLANG_WARN_QUOTED_INCLUDE_IN_FRAMEWORK_HEADER = YES;
				CLANG_WARN_RANGE_LOOP_ANALYSIS = YES;
				CLANG_WARN_STRICT_PROTOTYPES = YES;
				CLANG_WARN_SUSPICIOUS_MOVE = YES;
				CLANG_WARN_UNGUARDED_AVAILABILITY = YES_AGGRESSIVE;
				CLANG_WARN_UNREACHABLE_CODE = YES;
				CLANG_WARN__DUPLICATE_METHOD_MATCH = YES;
				COPY_PHASE_STRIP = NO;
				DEBUG_INFORMATION_FORMAT = dwarf;
				ENABLE_STRICT_OBJC_MSGSEND = YES;
				ENABLE_TESTABILITY = YES;
				ENABLE_USER_SCRIPT_SANDBOXING = YES;
				GCC_C_LANGUAGE_STANDARD = gnu17;
				GCC_DYNAMIC_NO_PIC = NO;
				GCC_NO_COMMON_BLOCKS = YES;
				GCC_OPTIMIZATION_LEVEL = 0;
				GCC_PREPROCESSOR_DEFINITIONS = (
					"DEBUG=1",
					"$(inherited)",
				);
				GCC_WARN_64_TO_32_BIT_CONVERSION = YES;
				GCC_WARN_ABOUT_RETURN_TYPE = YES_ERROR;
				GCC_WARN_UNDECLARED_SELECTOR = YES;
				GCC_WARN_UNINITIALIZED_AUTOS = YES_AGGRESSIVE;
				GCC_WARN_UNUSED_FUNCTION = YES;
				GCC_WARN_UNUSED_VARIABLE = YES;
				IPHONEOS_DEPLOYMENT_TARGET = 17.4;
				LOCALIZATION_PREFERS_STRING_CATALOGS = YES;
				MTL_ENABLE_DEBUG_INFO = INCLUDE_SOURCE;
				MTL_FAST_MATH = YES;
				ONLY_ACTIVE_ARCH = YES;
				SDKROOT = iphoneos;
				SWIFT_ACTIVE_COMPILATION_CONDITIONS = "DEBUG $(inherited)";
				SWIFT_OPTIMIZATION_LEVEL = "-Onone";
			};
			name = Debug;
		};
		963B386E2BEF629E00F1C869 /* Release */ = {
			isa = XCBuildConfiguration;
			buildSettings = {
				ALWAYS_SEARCH_USER_PATHS = NO;
				ASSETCATALOG_COMPILER_GENERATE_SWIFT_ASSET_SYMBOL_EXTENSIONS = YES;
				CLANG_ANALYZER_NONNULL = YES;
				CLANG_ANALYZER_NUMBER_OBJECT_CONVERSION = YES_AGGRESSIVE;
				CLANG_CXX_LANGUAGE_STANDARD = "gnu++20";
				CLANG_ENABLE_MODULES = YES;
				CLANG_ENABLE_OBJC_ARC = YES;
				CLANG_ENABLE_OBJC_WEAK = YES;
				CLANG_WARN_BLOCK_CAPTURE_AUTORELEASING = YES;
				CLANG_WARN_BOOL_CONVERSION = YES;
				CLANG_WARN_COMMA = YES;
				CLANG_WARN_CONSTANT_CONVERSION = YES;
				CLANG_WARN_DEPRECATED_OBJC_IMPLEMENTATIONS = YES;
				CLANG_WARN_DIRECT_OBJC_ISA_USAGE = YES_ERROR;
				CLANG_WARN_DOCUMENTATION_COMMENTS = YES;
				CLANG_WARN_EMPTY_BODY = YES;
				CLANG_WARN_ENUM_CONVERSION = YES;
				CLANG_WARN_INFINITE_RECURSION = YES;
				CLANG_WARN_INT_CONVERSION = YES;
				CLANG_WARN_NON_LITERAL_NULL_CONVERSION = YES;
				CLANG_WARN_OBJC_IMPLICIT_RETAIN_SELF = YES;
				CLANG_WARN_OBJC_LITERAL_CONVERSION = YES;
				CLANG_WARN_OBJC_ROOT_CLASS = YES_ERROR;
				CLANG_WARN_QUOTED_INCLUDE_IN_FRAMEWORK_HEADER = YES;
				CLANG_WARN_RANGE_LOOP_ANALYSIS = YES;
				CLANG_WARN_STRICT_PROTOTYPES = YES;
				CLANG_WARN_SUSPICIOUS_MOVE = YES;
				CLANG_WARN_UNGUARDED_AVAILABILITY = YES_AGGRESSIVE;
				CLANG_WARN_UNREACHABLE_CODE = YES;
				CLANG_WARN__DUPLICATE_METHOD_MATCH = YES;
				COPY_PHASE_STRIP = NO;
				DEBUG_INFORMATION_FORMAT = "dwarf-with-dsym";
				ENABLE_NS_ASSERTIONS = NO;
				ENABLE_STRICT_OBJC_MSGSEND = YES;
				ENABLE_USER_SCRIPT_SANDBOXING = YES;
				GCC_C_LANGUAGE_STANDARD = gnu17;
				GCC_NO_COMMON_BLOCKS = YES;
				GCC_WARN_64_TO_32_BIT_CONVERSION = YES;
				GCC_WARN_ABOUT_RETURN_TYPE = YES_ERROR;
				GCC_WARN_UNDECLARED_SELECTOR = YES;
				GCC_WARN_UNINITIALIZED_AUTOS = YES_AGGRESSIVE;
				GCC_WARN_UNUSED_FUNCTION = YES;
				GCC_WARN_UNUSED_VARIABLE = YES;
				IPHONEOS_DEPLOYMENT_TARGET = 17.4;
				LOCALIZATION_PREFERS_STRING_CATALOGS = YES;
				MTL_ENABLE_DEBUG_INFO = NO;
				MTL_FAST_MATH = YES;
				SDKROOT = iphoneos;
				SWIFT_COMPILATION_MODE = wholemodule;
				VALIDATE_PRODUCT = YES;
			};
			name = Release;
		};
		963B38702BEF629E00F1C869 /* Debug */ = {
			isa = XCBuildConfiguration;
			buildSettings = {
				ASSETCATALOG_COMPILER_APPICON_NAME = AppIcon;
				ASSETCATALOG_COMPILER_GLOBAL_ACCENT_COLOR_NAME = AccentColor;
				CODE_SIGN_STYLE = Automatic;
				CURRENT_PROJECT_VERSION = 1;
				DEVELOPMENT_ASSET_PATHS = "\"Simple Calc/Preview Content\"";
				DEVELOPMENT_TEAM = F3TG9KFBTX;
				ENABLE_PREVIEWS = YES;
				GENERATE_INFOPLIST_FILE = YES;
				INFOPLIST_KEY_UIApplicationSceneManifest_Generation = YES;
				INFOPLIST_KEY_UIApplicationSupportsIndirectInputEvents = YES;
				INFOPLIST_KEY_UILaunchScreen_Generation = YES;
				INFOPLIST_KEY_UISupportedInterfaceOrientations_iPad = "UIInterfaceOrientationPortrait UIInterfaceOrientationPortraitUpsideDown UIInterfaceOrientationLandscapeLeft UIInterfaceOrientationLandscapeRight";
				INFOPLIST_KEY_UISupportedInterfaceOrientations_iPhone = "UIInterfaceOrientationPortrait UIInterfaceOrientationLandscapeLeft UIInterfaceOrientationLandscapeRight";
				IPHONEOS_DEPLOYMENT_TARGET = 15.0;
				LD_RUNPATH_SEARCH_PATHS = (
					"$(inherited)",
					"@executable_path/Frameworks",
				);
				MARKETING_VERSION = 1.0;
				PRODUCT_BUNDLE_IDENTIFIER = "app.drax.Simple-Calc";
				PRODUCT_NAME = "$(TARGET_NAME)";
				SWIFT_EMIT_LOC_STRINGS = YES;
				SWIFT_VERSION = 5.0;
				TARGETED_DEVICE_FAMILY = "1,2";
			};
			name = Debug;
		};
		963B38712BEF629E00F1C869 /* Release */ = {
			isa = XCBuildConfiguration;
			buildSettings = {
				ASSETCATALOG_COMPILER_APPICON_NAME = AppIcon;
				ASSETCATALOG_COMPILER_GLOBAL_ACCENT_COLOR_NAME = AccentColor;
				CODE_SIGN_STYLE = Automatic;
				CURRENT_PROJECT_VERSION = 1;
				DEVELOPMENT_ASSET_PATHS = "\"Simple Calc/Preview Content\"";
				DEVELOPMENT_TEAM = F3TG9KFBTX;
				ENABLE_PREVIEWS = YES;
				GENERATE_INFOPLIST_FILE = YES;
				INFOPLIST_KEY_UIApplicationSceneManifest_Generation = YES;
				INFOPLIST_KEY_UIApplicationSupportsIndirectInputEvents = YES;
				INFOPLIST_KEY_UILaunchScreen_Generation = YES;
				INFOPLIST_KEY_UISupportedInterfaceOrientations_iPad = "UIInterfaceOrientationPortrait UIInterfaceOrientationPortraitUpsideDown UIInterfaceOrientationLandscapeLeft UIInterfaceOrientationLandscapeRight";
				INFOPLIST_KEY_UISupportedInterfaceOrientations_iPhone = "UIInterfaceOrientationPortrait UIInterfaceOrientationLandscapeLeft UIInterfaceOrientationLandscapeRight";
				IPHONEOS_DEPLOYMENT_TARGET = 15.0;
				LD_RUNPATH_SEARCH_PATHS = (
					"$(inherited)",
					"@executable_path/Frameworks",
				);
				MARKETING_VERSION = 1.0;
				PRODUCT_BUNDLE_IDENTIFIER = "app.drax.Simple-Calc";
				PRODUCT_NAME = "$(TARGET_NAME)";
				SWIFT_EMIT_LOC_STRINGS = YES;
				SWIFT_VERSION = 5.0;
				TARGETED_DEVICE_FAMILY = "1,2";
			};
			name = Release;
		};
		963B38732BEF629E00F1C869 /* Debug */ = {
			isa = XCBuildConfiguration;
			buildSettings = {
				ALWAYS_EMBED_SWIFT_STANDARD_LIBRARIES = YES;
				BUNDLE_LOADER = "$(TEST_HOST)";
				CODE_SIGN_STYLE = Automatic;
				CURRENT_PROJECT_VERSION = 1;
				DEVELOPMENT_TEAM = F3TG9KFBTX;
				GENERATE_INFOPLIST_FILE = YES;
				IPHONEOS_DEPLOYMENT_TARGET = 17.4;
				MARKETING_VERSION = 1.0;
				PRODUCT_BUNDLE_IDENTIFIER = "app.drax.Simple-CalcTests";
				PRODUCT_NAME = "$(TARGET_NAME)";
				SWIFT_EMIT_LOC_STRINGS = NO;
				SWIFT_VERSION = 5.0;
				TARGETED_DEVICE_FAMILY = "1,2";
				TEST_HOST = "$(BUILT_PRODUCTS_DIR)/Simple Calc.app/$(BUNDLE_EXECUTABLE_FOLDER_PATH)/Simple Calc";
			};
			name = Debug;
		};
		963B38742BEF629E00F1C869 /* Release */ = {
			isa = XCBuildConfiguration;
			buildSettings = {
				ALWAYS_EMBED_SWIFT_STANDARD_LIBRARIES = YES;
				BUNDLE_LOADER = "$(TEST_HOST)";
				CODE_SIGN_STYLE = Automatic;
				CURRENT_PROJECT_VERSION = 1;
				DEVELOPMENT_TEAM = F3TG9KFBTX;
				GENERATE_INFOPLIST_FILE = YES;
				IPHONEOS_DEPLOYMENT_TARGET = 17.4;
				MARKETING_VERSION = 1.0;
				PRODUCT_BUNDLE_IDENTIFIER = "app.drax.Simple-CalcTests";
				PRODUCT_NAME = "$(TARGET_NAME)";
				SWIFT_EMIT_LOC_STRINGS = NO;
				SWIFT_VERSION = 5.0;
				TARGETED_DEVICE_FAMILY = "1,2";
				TEST_HOST = "$(BUILT_PRODUCTS_DIR)/Simple Calc.app/$(BUNDLE_EXECUTABLE_FOLDER_PATH)/Simple Calc";
			};
			name = Release;
		};
		963B38762BEF629E00F1C869 /* Debug */ = {
			isa = XCBuildConfiguration;
			buildSettings = {
				ALWAYS_EMBED_SWIFT_STANDARD_LIBRARIES = YES;
				CODE_SIGN_STYLE = Automatic;
				CURRENT_PROJECT_VERSION = 1;
				DEVELOPMENT_TEAM = F3TG9KFBTX;
				GENERATE_INFOPLIST_FILE = YES;
				MARKETING_VERSION = 1.0;
				PRODUCT_BUNDLE_IDENTIFIER = "app.drax.Simple-CalcUITests";
				PRODUCT_NAME = "$(TARGET_NAME)";
				SWIFT_EMIT_LOC_STRINGS = NO;
				SWIFT_VERSION = 5.0;
				TARGETED_DEVICE_FAMILY = "1,2";
				TEST_TARGET_NAME = "Simple Calc";
			};
			name = Debug;
		};
		963B38772BEF629E00F1C869 /* Release */ = {
			isa = XCBuildConfiguration;
			buildSettings = {
				ALWAYS_EMBED_SWIFT_STANDARD_LIBRARIES = YES;
				CODE_SIGN_STYLE = Automatic;
				CURRENT_PROJECT_VERSION = 1;
				DEVELOPMENT_TEAM = F3TG9KFBTX;
				GENERATE_INFOPLIST_FILE = YES;
				MARKETING_VERSION = 1.0;
				PRODUCT_BUNDLE_IDENTIFIER = "app.drax.Simple-CalcUITests";
				PRODUCT_NAME = "$(TARGET_NAME)";
				SWIFT_EMIT_LOC_STRINGS = NO;
				SWIFT_VERSION = 5.0;
				TARGETED_DEVICE_FAMILY = "1,2";
				TEST_TARGET_NAME = "Simple Calc";
			};
			name = Release;
		};
/* End XCBuildConfiguration section */

/* Begin XCConfigurationList section */
		963B38462BEF629C00F1C869 /* Build configuration list for PBXProject "Simple Calc" */ = {
			isa = XCConfigurationList;
			buildConfigurations = (
				963B386D2BEF629E00F1C869 /* Debug */,
				963B386E2BEF629E00F1C869 /* Release */,
			);
			defaultConfigurationIsVisible = 0;
			defaultConfigurationName = Release;
		};
		963B386F2BEF629E00F1C869 /* Build configuration list for PBXNativeTarget "Simple Calc" */ = {
			isa = XCConfigurationList;
			buildConfigurations = (
				963B38702BEF629E00F1C869 /* Debug */,
				963B38712BEF629E00F1C869 /* Release */,
			);
			defaultConfigurationIsVisible = 0;
			defaultConfigurationName = Release;
		};
		963B38722BEF629E00F1C869 /* Build configuration list for PBXNativeTarget "Simple CalcTests" */ = {
			isa = XCConfigurationList;
			buildConfigurations = (
				963B38732BEF629E00F1C869 /* Debug */,
				963B38742BEF629E00F1C869 /* Release */,
			);
			defaultConfigurationIsVisible = 0;
			defaultConfigurationName = Release;
		};
		963B38752BEF629E00F1C869 /* Build configuration list for PBXNativeTarget "Simple CalcUITests" */ = {
			isa = XCConfigurationList;
			buildConfigurations = (
				963B38762BEF629E00F1C869 /* Debug */,
				963B38772BEF629E00F1C869 /* Release */,
			);
			defaultConfigurationIsVisible = 0;
			defaultConfigurationName = Release;
		};
/* End XCConfigurationList section */
	};
	rootObject = 963B38432BEF629C00F1C869 /* Project object */;
}
